
Microsoft Visual Studio Solution File, Format Version 12.00
# Visual Studio Version 16
VisualStudioVersion = 16.0.30011.22
MinimumVisualStudioVersion = 10.0.40219.1
Project("{FAE04EC0-301F-11D3-BF4B-00C04F79EFBC}") = "BicycleTCPServer", "BicycleTCPServer\BicycleTCPServer.csproj", "{FC7BE344-74FD-40E8-83AC-43E172728608}"
EndProject
Global
	GlobalSection(SolutionConfigurationPlatforms) = preSolution
		Debug|Any CPU = Debug|Any CPU
		Release|Any CPU = Release|Any CPU
	EndGlobalSection
	GlobalSection(ProjectConfigurationPlatforms) = postSolution
		{FC7BE344-74FD-40E8-83AC-43E172728608}.Debug|Any CPU.ActiveCfg = Debug|Any CPU
		{FC7BE344-74FD-40E8-83AC-43E172728608}.Debug|Any CPU.Build.0 = Debug|Any CPU
		{FC7BE344-74FD-40E8-83AC-43E172728608}.Release|Any CPU.ActiveCfg = Release|Any CPU
		{FC7BE344-74FD-40E8-83AC-43E172728608}.Release|Any CPU.Build.0 = Release|Any CPU
	EndGlobalSection
	GlobalSection(SolutionProperties) = preSolution
		HideSolutionNode = FALSE
	EndGlobalSection
	GlobalSection(ExtensibilityGlobals) = postSolution
		SolutionGuid = {01C88018-9C67-414F-878C-C10960180EDA}
	EndGlobalSection
EndGlobal
